
Microsoft Visual Studio Solution File, Format Version 12.00
# Visual Studio Version 17
VisualStudioVersion = 17.14.36327.8 d17.14
MinimumVisualStudioVersion = 10.0.40219.1
Project("{FAE04EC0-301F-11D3-BF4B-00C04F79EFBC}") = "CSharpToolbox", "CSharpToolbox\CSharpToolbox.csproj", "{965A916A-6DDE-4A61-B49A-11C0286CF740}"
EndProject
Global
	GlobalSection(SolutionConfigurationPlatforms) = preSolution
		Debug|Any CPU = Debug|Any CPU
		Release|Any CPU = Release|Any CPU
	EndGlobalSection
	GlobalSection(ProjectConfigurationPlatforms) = postSolution
		{965A916A-6DDE-4A61-B49A-11C0286CF740}.Debug|Any CPU.ActiveCfg = Debug|Any CPU
		{965A916A-6DDE-4A61-B49A-11C0286CF740}.Debug|Any CPU.Build.0 = Debug|Any CPU
		{965A916A-6DDE-4A61-B49A-11C0286CF740}.Release|Any CPU.ActiveCfg = Release|Any CPU
		{965A916A-6DDE-4A61-B49A-11C0286CF740}.Release|Any CPU.Build.0 = Release|Any CPU
	EndGlobalSection
	GlobalSection(SolutionProperties) = preSolution
		HideSolutionNode = FALSE
	EndGlobalSection
	GlobalSection(ExtensibilityGlobals) = postSolution
		SolutionGuid = {9A61A70B-1C98-4AE7-B371-72AC7294BF36}
	EndGlobalSection
EndGlobal
